
Microsoft Visual Studio Solution File, Format Version 12.00
# Visual Studio Version 16
VisualStudioVersion = 25.0.1705.4
MinimumVisualStudioVersion = 10.0.40219.1
Project("{FAE04EC0-301F-11D3-BF4B-00C04F79EFBC}") = "ExcelConverterAPI", "ExcelConverterAPI\ExcelConverterAPI.csproj", "{FCCDD39F-ACA7-4D27-8F51-C1F0DB41E1F6}"
EndProject
Project("{FAE04EC0-301F-11D3-BF4B-00C04F79EFBC}") = "ExcelConverterTests", "ExcelConverterTests\ExcelConverterTests.csproj", "{CDBBC059-3546-4CC4-9E12-B2337E1FD3E5}"
EndProject
Global
	GlobalSection(SolutionConfigurationPlatforms) = preSolution
		Debug|Any CPU = Debug|Any CPU
		Release|Any CPU = Release|Any CPU
	EndGlobalSection
	GlobalSection(ProjectConfigurationPlatforms) = postSolution
		{FCCDD39F-ACA7-4D27-8F51-C1F0DB41E1F6}.Debug|Any CPU.ActiveCfg = Debug|Any CPU
		{FCCDD39F-ACA7-4D27-8F51-C1F0DB41E1F6}.Debug|Any CPU.Build.0 = Debug|Any CPU
		{FCCDD39F-ACA7-4D27-8F51-C1F0DB41E1F6}.Release|Any CPU.ActiveCfg = Release|Any CPU
		{FCCDD39F-ACA7-4D27-8F51-C1F0DB41E1F6}.Release|Any CPU.Build.0 = Release|Any CPU
		{CDBBC059-3546-4CC4-9E12-B2337E1FD3E5}.Debug|Any CPU.ActiveCfg = Debug|Any CPU
		{CDBBC059-3546-4CC4-9E12-B2337E1FD3E5}.Debug|Any CPU.Build.0 = Debug|Any CPU
		{CDBBC059-3546-4CC4-9E12-B2337E1FD3E5}.Release|Any CPU.ActiveCfg = Release|Any CPU
		{CDBBC059-3546-4CC4-9E12-B2337E1FD3E5}.Release|Any CPU.Build.0 = Release|Any CPU
	EndGlobalSection
	GlobalSection(SolutionProperties) = preSolution
		HideSolutionNode = FALSE
	EndGlobalSection
	GlobalSection(ExtensibilityGlobals) = postSolution
		SolutionGuid = {772B6072-6A33-4C0C-8316-047377EA551D}
	EndGlobalSection
EndGlobal
